
Microsoft Visual Studio Solution File, Format Version 12.00
# Visual Studio 15
VisualStudioVersion = 15.0.28010.2041
MinimumVisualStudioVersion = 10.0.40219.1
Project("{9A19103F-16F7-4668-BE54-9A1E7A4F7556}") = "AspNetCore.AutoHealthCheck", "AspNetCore.AutoHealthCheck\AspNetCore.AutoHealthCheck.csproj", "{B2553537-A52E-49A9-A36F-C42F5D441EEA}"
EndProject
Project("{2150E333-8FDC-42A3-9474-1A3956D46DE8}") = "samples", "samples", "{78D3E477-EE1C-4D6D-ADE9-366A4D7C6560}"
EndProject
Project("{2150E333-8FDC-42A3-9474-1A3956D46DE8}") = "src", "src", "{DFA2E39C-2C56-42DE-8833-C36C392A07A7}"
EndProject
Project("{2150E333-8FDC-42A3-9474-1A3956D46DE8}") = "tests", "tests", "{270C7C3F-98AE-43D8-BB6B-18FAE0420F89}"
EndProject
Project("{9A19103F-16F7-4668-BE54-9A1E7A4F7556}") = "AspNetCoreUsingDiagnostic", "..\samples\AspNetCoreUsingDiagnostic\AspNetCoreUsingDiagnostic.csproj", "{9E500F6B-4F0A-440E-8392-BB316C8D4048}"
EndProject
Project("{9A19103F-16F7-4668-BE54-9A1E7A4F7556}") = "AspNetCore.AutoHealthCheck.Diagnostics", "AspNetCore.AutoHealthCheck.Diagnostics\AspNetCore.AutoHealthCheck.Diagnostics.csproj", "{A5D81A52-319E-489D-929E-5F285495938C}"
EndProject
Project("{9A19103F-16F7-4668-BE54-9A1E7A4F7556}") = "AspNetCore.AutoHealthCheck.Abstractions", "AspNetCore.AutoHealthCheck.Abstractions\AspNetCore.AutoHealthCheck.Abstractions.csproj", "{7A4F34EB-A8AF-4A26-844F-DA2C52121622}"
EndProject
Project("{9A19103F-16F7-4668-BE54-9A1E7A4F7556}") = "AspNetCoreUsingAutoHealthCheck", "..\samples\AspNetCoreUsingAutoHealthCheck\AspNetCoreUsingAutoHealthCheck.csproj", "{79CCC024-FF8D-4F15-BB25-7963A306D560}"
EndProject
Project("{9A19103F-16F7-4668-BE54-9A1E7A4F7556}") = "SimpleWebApp", "..\samples\SimpleWebApp\SimpleWebApp.csproj", "{39F6B861-263B-4416-9818-976EF66AEBCF}"
EndProject
Project("{9A19103F-16F7-4668-BE54-9A1E7A4F7556}") = "AspNetCore.AutoHealthCheck.Diagnostics.Tests", "..\tests\AspNetCore.AutoHealthCheck.Diagnostics.Tests\AspNetCore.AutoHealthCheck.Diagnostics.Tests.csproj", "{D00EFD27-A3C3-401F-A1A6-FAFB3D241BBB}"
EndProject
Project("{9A19103F-16F7-4668-BE54-9A1E7A4F7556}") = "AspNetCore.AutoHealthCheck.Tests", "..\tests\AspNetCore.AutoHealthCheck.Tests\AspNetCore.AutoHealthCheck.Tests.csproj", "{1A8DB673-6DF8-410D-81C7-CF837BB595AC}"
EndProject
Project("{9A19103F-16F7-4668-BE54-9A1E7A4F7556}") = "AspNetCore.AutoHealthCheck.ApplicationInsights", "AspNetCore.AutoHealthCheck.ApplicationInsights\AspNetCore.AutoHealthCheck.ApplicationInsights.csproj", "{415BB7C4-3944-4773-9052-B8CF751CC8E8}"
EndProject
Project("{9A19103F-16F7-4668-BE54-9A1E7A4F7556}") = "AspNetCore.AutoHealthCheck.ApplicationInsights.Tests", "..\tests\AspNetCore.AutoHealthCheck.ApplicationInsights.Tests\AspNetCore.AutoHealthCheck.ApplicationInsights.Tests.csproj", "{8EF2F8F5-CCB0-48B8-B5A2-943DB1CF9CDB}"
EndProject
Project("{9A19103F-16F7-4668-BE54-9A1E7A4F7556}") = "AspNetCore.AutoHealthCheck.AzureStorage", "AspNetCore.AutoHealthCheck.AzureStorage\AspNetCore.AutoHealthCheck.AzureStorage.csproj", "{C91ADF54-07D7-4E9C-BE36-17FCD1165251}"
EndProject
Project("{9A19103F-16F7-4668-BE54-9A1E7A4F7556}") = "AspNetCore.AutoHealthCheck.AzureStorage.Tests", "..\tests\AspNetCore.AutoHealthCheck.AzureStorage.Tests\AspNetCore.AutoHealthCheck.AzureStorage.Tests.csproj", "{0D53BC65-F3C8-4E10-8399-CE03D65D4582}"
EndProject
Project("{FAE04EC0-301F-11D3-BF4B-00C04F79EFBC}") = "AspNetCore.AutoHealthCheck.Raygun", "AspNetCore.AutoHealthCheck.Raygun\AspNetCore.AutoHealthCheck.Raygun.csproj", "{0289F3C6-00F0-470F-AB8E-D58F55BC06C8}"
EndProject
Global
	GlobalSection(SolutionConfigurationPlatforms) = preSolution
		Debug|Any CPU = Debug|Any CPU
		Release|Any CPU = Release|Any CPU
	EndGlobalSection
	GlobalSection(ProjectConfigurationPlatforms) = postSolution
		{B2553537-A52E-49A9-A36F-C42F5D441EEA}.Debug|Any CPU.ActiveCfg = Debug|Any CPU
		{B2553537-A52E-49A9-A36F-C42F5D441EEA}.Debug|Any CPU.Build.0 = Debug|Any CPU
		{B2553537-A52E-49A9-A36F-C42F5D441EEA}.Release|Any CPU.ActiveCfg = Release|Any CPU
		{B2553537-A52E-49A9-A36F-C42F5D441EEA}.Release|Any CPU.Build.0 = Release|Any CPU
		{9E500F6B-4F0A-440E-8392-BB316C8D4048}.Debug|Any CPU.ActiveCfg = Debug|Any CPU
		{9E500F6B-4F0A-440E-8392-BB316C8D4048}.Debug|Any CPU.Build.0 = Debug|Any CPU
		{9E500F6B-4F0A-440E-8392-BB316C8D4048}.Release|Any CPU.ActiveCfg = Release|Any CPU
		{9E500F6B-4F0A-440E-8392-BB316C8D4048}.Release|Any CPU.Build.0 = Release|Any CPU
		{A5D81A52-319E-489D-929E-5F285495938C}.Debug|Any CPU.ActiveCfg = Debug|Any CPU
		{A5D81A52-319E-489D-929E-5F285495938C}.Debug|Any CPU.Build.0 = Debug|Any CPU
		{A5D81A52-319E-489D-929E-5F285495938C}.Release|Any CPU.ActiveCfg = Release|Any CPU
		{A5D81A52-319E-489D-929E-5F285495938C}.Release|Any CPU.Build.0 = Release|Any CPU
		{7A4F34EB-A8AF-4A26-844F-DA2C52121622}.Debug|Any CPU.ActiveCfg = Debug|Any CPU
		{7A4F34EB-A8AF-4A26-844F-DA2C52121622}.Debug|Any CPU.Build.0 = Debug|Any CPU
		{7A4F34EB-A8AF-4A26-844F-DA2C52121622}.Release|Any CPU.ActiveCfg = Release|Any CPU
		{7A4F34EB-A8AF-4A26-844F-DA2C52121622}.Release|Any CPU.Build.0 = Release|Any CPU
		{79CCC024-FF8D-4F15-BB25-7963A306D560}.Debug|Any CPU.ActiveCfg = Debug|Any CPU
		{79CCC024-FF8D-4F15-BB25-7963A306D560}.Debug|Any CPU.Build.0 = Debug|Any CPU
		{79CCC024-FF8D-4F15-BB25-7963A306D560}.Release|Any CPU.ActiveCfg = Release|Any CPU
		{79CCC024-FF8D-4F15-BB25-7963A306D560}.Release|Any CPU.Build.0 = Release|Any CPU
		{39F6B861-263B-4416-9818-976EF66AEBCF}.Debug|Any CPU.ActiveCfg = Debug|Any CPU
		{39F6B861-263B-4416-9818-976EF66AEBCF}.Debug|Any CPU.Build.0 = Debug|Any CPU
		{39F6B861-263B-4416-9818-976EF66AEBCF}.Release|Any CPU.ActiveCfg = Release|Any CPU
		{39F6B861-263B-4416-9818-976EF66AEBCF}.Release|Any CPU.Build.0 = Release|Any CPU
		{D00EFD27-A3C3-401F-A1A6-FAFB3D241BBB}.Debug|Any CPU.ActiveCfg = Debug|Any CPU
		{D00EFD27-A3C3-401F-A1A6-FAFB3D241BBB}.Debug|Any CPU.Build.0 = Debug|Any CPU
		{D00EFD27-A3C3-401F-A1A6-FAFB3D241BBB}.Release|Any CPU.ActiveCfg = Release|Any CPU
		{D00EFD27-A3C3-401F-A1A6-FAFB3D241BBB}.Release|Any CPU.Build.0 = Release|Any CPU
		{1A8DB673-6DF8-410D-81C7-CF837BB595AC}.Debug|Any CPU.ActiveCfg = Debug|Any CPU
		{1A8DB673-6DF8-410D-81C7-CF837BB595AC}.Debug|Any CPU.Build.0 = Debug|Any CPU
		{1A8DB673-6DF8-410D-81C7-CF837BB595AC}.Release|Any CPU.ActiveCfg = Release|Any CPU
		{1A8DB673-6DF8-410D-81C7-CF837BB595AC}.Release|Any CPU.Build.0 = Release|Any CPU
		{415BB7C4-3944-4773-9052-B8CF751CC8E8}.Debug|Any CPU.ActiveCfg = Debug|Any CPU
		{415BB7C4-3944-4773-9052-B8CF751CC8E8}.Debug|Any CPU.Build.0 = Debug|Any CPU
		{415BB7C4-3944-4773-9052-B8CF751CC8E8}.Release|Any CPU.ActiveCfg = Release|Any CPU
		{415BB7C4-3944-4773-9052-B8CF751CC8E8}.Release|Any CPU.Build.0 = Release|Any CPU
		{8EF2F8F5-CCB0-48B8-B5A2-943DB1CF9CDB}.Debug|Any CPU.ActiveCfg = Debug|Any CPU
		{8EF2F8F5-CCB0-48B8-B5A2-943DB1CF9CDB}.Debug|Any CPU.Build.0 = Debug|Any CPU
		{8EF2F8F5-CCB0-48B8-B5A2-943DB1CF9CDB}.Release|Any CPU.ActiveCfg = Release|Any CPU
		{8EF2F8F5-CCB0-48B8-B5A2-943DB1CF9CDB}.Release|Any CPU.Build.0 = Release|Any CPU
		{C91ADF54-07D7-4E9C-BE36-17FCD1165251}.Debug|Any CPU.ActiveCfg = Debug|Any CPU
		{C91ADF54-07D7-4E9C-BE36-17FCD1165251}.Debug|Any CPU.Build.0 = Debug|Any CPU
		{C91ADF54-07D7-4E9C-BE36-17FCD1165251}.Release|Any CPU.ActiveCfg = Release|Any CPU
		{C91ADF54-07D7-4E9C-BE36-17FCD1165251}.Release|Any CPU.Build.0 = Release|Any CPU
		{0D53BC65-F3C8-4E10-8399-CE03D65D4582}.Debug|Any CPU.ActiveCfg = Debug|Any CPU
		{0D53BC65-F3C8-4E10-8399-CE03D65D4582}.Debug|Any CPU.Build.0 = Debug|Any CPU
		{0D53BC65-F3C8-4E10-8399-CE03D65D4582}.Release|Any CPU.ActiveCfg = Release|Any CPU
		{0D53BC65-F3C8-4E10-8399-CE03D65D4582}.Release|Any CPU.Build.0 = Release|Any CPU
		{0289F3C6-00F0-470F-AB8E-D58F55BC06C8}.Debug|Any CPU.ActiveCfg = Debug|Any CPU
		{0289F3C6-00F0-470F-AB8E-D58F55BC06C8}.Debug|Any CPU.Build.0 = Debug|Any CPU
		{0289F3C6-00F0-470F-AB8E-D58F55BC06C8}.Release|Any CPU.ActiveCfg = Release|Any CPU
		{0289F3C6-00F0-470F-AB8E-D58F55BC06C8}.Release|Any CPU.Build.0 = Release|Any CPU
	EndGlobalSection
	GlobalSection(SolutionProperties) = preSolution
		HideSolutionNode = FALSE
	EndGlobalSection
	GlobalSection(NestedProjects) = preSolution
		{B2553537-A52E-49A9-A36F-C42F5D441EEA} = {DFA2E39C-2C56-42DE-8833-C36C392A07A7}
		{9E500F6B-4F0A-440E-8392-BB316C8D4048} = {78D3E477-EE1C-4D6D-ADE9-366A4D7C6560}
		{A5D81A52-319E-489D-929E-5F285495938C} = {DFA2E39C-2C56-42DE-8833-C36C392A07A7}
		{7A4F34EB-A8AF-4A26-844F-DA2C52121622} = {DFA2E39C-2C56-42DE-8833-C36C392A07A7}
		{79CCC024-FF8D-4F15-BB25-7963A306D560} = {78D3E477-EE1C-4D6D-ADE9-366A4D7C6560}
		{39F6B861-263B-4416-9818-976EF66AEBCF} = {78D3E477-EE1C-4D6D-ADE9-366A4D7C6560}
		{D00EFD27-A3C3-401F-A1A6-FAFB3D241BBB} = {270C7C3F-98AE-43D8-BB6B-18FAE0420F89}
		{1A8DB673-6DF8-410D-81C7-CF837BB595AC} = {270C7C3F-98AE-43D8-BB6B-18FAE0420F89}
		{415BB7C4-3944-4773-9052-B8CF751CC8E8} = {DFA2E39C-2C56-42DE-8833-C36C392A07A7}
		{8EF2F8F5-CCB0-48B8-B5A2-943DB1CF9CDB} = {270C7C3F-98AE-43D8-BB6B-18FAE0420F89}
		{C91ADF54-07D7-4E9C-BE36-17FCD1165251} = {DFA2E39C-2C56-42DE-8833-C36C392A07A7}
		{0D53BC65-F3C8-4E10-8399-CE03D65D4582} = {270C7C3F-98AE-43D8-BB6B-18FAE0420F89}
		{0289F3C6-00F0-470F-AB8E-D58F55BC06C8} = {DFA2E39C-2C56-42DE-8833-C36C392A07A7}
	EndGlobalSection
	GlobalSection(ExtensibilityGlobals) = postSolution
		SolutionGuid = {64B4BA9D-729D-4F8A-BBCF-F3E3FDA7E599}
	EndGlobalSection
EndGlobal
